
Microsoft Visual Studio Solution File, Format Version 12.00
Project("{FAE04EC0-301F-11D3-BF4B-00C04F79EFBC}") = "OnlineShop.Api", "OnlineShop.Api\OnlineShop.Api.csproj", "{CF0F2A6B-84A1-4455-83BD-900981146793}"
EndProject
Global
	GlobalSection(SolutionConfigurationPlatforms) = preSolution
		Debug|Any CPU = Debug|Any CPU
		Release|Any CPU = Release|Any CPU
	EndGlobalSection
	GlobalSection(ProjectConfigurationPlatforms) = postSolution
		{CF0F2A6B-84A1-4455-83BD-900981146793}.Debug|Any CPU.ActiveCfg = Debug|Any CPU
		{CF0F2A6B-84A1-4455-83BD-900981146793}.Debug|Any CPU.Build.0 = Debug|Any CPU
		{CF0F2A6B-84A1-4455-83BD-900981146793}.Release|Any CPU.ActiveCfg = Release|Any CPU
		{CF0F2A6B-84A1-4455-83BD-900981146793}.Release|Any CPU.Build.0 = Release|Any CPU
	EndGlobalSection
EndGlobal
